{
  "dependencies": {
    "chalk": {
      "version": "1.1.1",
      "dependencies": {
        "ansi-styles": {
          "version": "https://registry.npm.taobao.org/ansi-styles/download/ansi-styles-2.1.0.tgz"
        },
        "escape-string-regexp": {
          "version": "https://registry.npm.taobao.org/escape-string-regexp/download/escape-string-regexp-1.0.3.tgz"
        },
        "has-ansi": {
          "version": "https://registry.npm.taobao.org/has-ansi/download/has-ansi-2.0.0.tgz",
          "dependencies": {
            "ansi-regex": {
              "version": "https://registry.npm.taobao.org/ansi-regex/download/ansi-regex-2.0.0.tgz"
            }
          }
        },
        "strip-ansi": {
          "version": "https://registry.npm.taobao.org/strip-ansi/download/strip-ansi-3.0.0.tgz",
          "dependencies": {
            "ansi-regex": {
              "version": "https://registry.npm.taobao.org/ansi-regex/download/ansi-regex-2.0.0.tgz"
            }
          }
        },
        "supports-color": {
          "version": "https://registry.npm.taobao.org/supports-color/download/supports-color-2.0.0.tgz"
        }
      }
    },
    "typescript": {
      "version": "1.6.2"
    }
  }
}
