{
  "dependencies": {
    "babel-core": {
      "version": "5.8.24",
      "dependencies": {
        "babel-plugin-constant-folding": {
          "version": "https://registry.npm.taobao.org/babel-plugin-constant-folding/download/babel-plugin-constant-folding-1.0.1.tgz"
        },
        "babel-plugin-dead-code-elimination": {
          "version": "https://registry.npm.taobao.org/babel-plugin-dead-code-elimination/download/babel-plugin-dead-code-elimination-1.0.2.tgz"
        },
        "babel-plugin-eval": {
          "version": "https://registry.npm.taobao.org/babel-plugin-eval/download/babel-plugin-eval-1.0.1.tgz"
        },
        "babel-plugin-inline-environment-variables": {
          "version": "https://registry.npm.taobao.org/babel-plugin-inline-environment-variables/download/babel-plugin-inline-environment-variables-1.0.1.tgz"
        },
        "babel-plugin-jscript": {
          "version": "https://registry.npm.taobao.org/babel-plugin-jscript/download/babel-plugin-jscript-1.0.4.tgz"
        },
        "babel-plugin-member-expression-literals": {
          "version": "https://registry.npm.taobao.org/babel-plugin-member-expression-literals/download/babel-plugin-member-expression-literals-1.0.1.tgz"
        },
        "babel-plugin-property-literals": {
          "version": "https://registry.npm.taobao.org/babel-plugin-property-literals/download/babel-plugin-property-literals-1.0.1.tgz"
        },
        "babel-plugin-proto-to-assign": {
          "version": "https://registry.npm.taobao.org/babel-plugin-proto-to-assign/download/babel-plugin-proto-to-assign-1.0.4.tgz"
        },
        "babel-plugin-react-constant-elements": {
          "version": "https://registry.npm.taobao.org/babel-plugin-react-constant-elements/download/babel-plugin-react-constant-elements-1.0.3.tgz"
        },
        "babel-plugin-react-display-name": {
          "version": "https://registry.npm.taobao.org/babel-plugin-react-display-name/download/babel-plugin-react-display-name-1.0.3.tgz"
        },
        "babel-plugin-remove-console": {
          "version": "https://registry.npm.taobao.org/babel-plugin-remove-console/download/babel-plugin-remove-console-1.0.1.tgz"
        },
        "babel-plugin-remove-debugger": {
          "version": "https://registry.npm.taobao.org/babel-plugin-remove-debugger/download/babel-plugin-remove-debugger-1.0.1.tgz"
        },
        "babel-plugin-runtime": {
          "version": "https://registry.npm.taobao.org/babel-plugin-runtime/download/babel-plugin-runtime-1.0.7.tgz"
        },
        "babel-plugin-undeclared-variables-check": {
          "version": "https://registry.npm.taobao.org/babel-plugin-undeclared-variables-check/download/babel-plugin-undeclared-variables-check-1.0.2.tgz",
          "dependencies": {
            "leven": {
              "version": "https://registry.npm.taobao.org/leven/download/leven-1.0.2.tgz"
            }
          }
        },
        "babel-plugin-undefined-to-void": {
          "version": "https://registry.npm.taobao.org/babel-plugin-undefined-to-void/download/babel-plugin-undefined-to-void-1.1.6.tgz"
        },
        "babylon": {
          "version": "5.8.34"
        },
        "bluebird": {
          "version": "https://registry.npm.taobao.org/bluebird/download/bluebird-2.10.2.tgz"
        },
        "convert-source-map": {
          "version": "1.1.2"
        },
        "core-js": {
          "version": "1.2.6"
        },
        "debug": {
          "version": "https://registry.npm.taobao.org/debug/download/debug-2.2.0.tgz",
          "dependencies": {
            "ms": {
              "version": "0.7.1"
            }
          }
        },
        "detect-indent": {
          "version": "https://registry.npm.taobao.org/detect-indent/download/detect-indent-3.0.1.tgz",
          "dependencies": {
            "get-stdin": {
              "version": "https://registry.npm.taobao.org/get-stdin/download/get-stdin-4.0.1.tgz"
            },
            "minimist": {
              "version": "https://registry.npm.taobao.org/minimist/download/minimist-1.2.0.tgz"
            }
          }
        },
        "esutils": {
          "version": "https://registry.npm.taobao.org/esutils/download/esutils-2.0.2.tgz"
        },
        "fs-readdir-recursive": {
          "version": "https://registry.npm.taobao.org/fs-readdir-recursive/download/fs-readdir-recursive-0.1.2.tgz"
        },
        "globals": {
          "version": "https://registry.npm.taobao.org/globals/download/globals-6.4.1.tgz"
        },
        "home-or-tmp": {
          "version": "https://registry.npm.taobao.org/home-or-tmp/download/home-or-tmp-1.0.0.tgz",
          "dependencies": {
            "os-tmpdir": {
              "version": "https://registry.npm.taobao.org/os-tmpdir/download/os-tmpdir-1.0.1.tgz"
            },
            "user-home": {
              "version": "https://registry.npm.taobao.org/user-home/download/user-home-1.1.1.tgz"
            }
          }
        },
        "is-integer": {
          "version": "https://registry.npm.taobao.org/is-integer/download/is-integer-1.0.6.tgz",
          "dependencies": {
            "is-finite": {
              "version": "https://registry.npm.taobao.org/is-finite/download/is-finite-1.0.1.tgz",
              "dependencies": {
                "number-is-nan": {
                  "version": "https://registry.npm.taobao.org/number-is-nan/download/number-is-nan-1.0.0.tgz"
                }
              }
            }
          }
        },
        "js-tokens": {
          "version": "1.0.1"
        },
        "json5": {
          "version": "https://registry.npm.taobao.org/json5/download/json5-0.4.0.tgz"
        },
        "line-numbers": {
          "version": "0.2.0",
          "dependencies": {
            "left-pad": {
              "version": "0.0.3"
            }
          }
        },
        "lodash": {
          "version": "3.10.1"
        },
        "minimatch": {
          "version": "https://registry.npm.taobao.org/minimatch/download/minimatch-2.0.10.tgz",
          "dependencies": {
            "brace-expansion": {
              "version": "https://registry.npm.taobao.org/brace-expansion/download/brace-expansion-1.1.1.tgz",
              "dependencies": {
                "balanced-match": {
                  "version": "0.2.1"
                },
                "concat-map": {
                  "version": "0.0.1"
                }
              }
            }
          }
        },
        "output-file-sync": {
          "version": "https://registry.npm.taobao.org/output-file-sync/download/output-file-sync-1.1.1.tgz",
          "dependencies": {
            "mkdirp": {
              "version": "https://registry.npm.taobao.org/mkdirp/download/mkdirp-0.5.1.tgz",
              "dependencies": {
                "minimist": {
                  "version": "https://registry.npm.taobao.org/minimist/download/minimist-0.0.8.tgz"
                }
              }
            },
            "xtend": {
              "version": "4.0.1"
            }
          }
        },
        "path-exists": {
          "version": "https://registry.npm.taobao.org/path-exists/download/path-exists-1.0.0.tgz"
        },
        "path-is-absolute": {
          "version": "https://registry.npm.taobao.org/path-is-absolute/download/path-is-absolute-1.0.0.tgz"
        },
        "private": {
          "version": "https://registry.npm.taobao.org/private/download/private-0.1.6.tgz"
        },
        "regenerator": {
          "version": "0.8.35",
          "dependencies": {
            "commoner": {
              "version": "0.10.4",
              "dependencies": {
                "commander": {
                  "version": "2.9.0",
                  "dependencies": {
                    "graceful-readlink": {
                      "version": "https://registry.npm.taobao.org/graceful-readlink/download/graceful-readlink-1.0.1.tgz"
                    }
                  }
                },
                "detective": {
                  "version": "4.3.1",
                  "dependencies": {
                    "acorn": {
                      "version": "https://registry.npm.taobao.org/acorn/download/acorn-1.2.2.tgz"
                    },
                    "defined": {
                      "version": "1.0.0"
                    }
                  }
                },
                "glob": {
                  "version": "https://registry.npm.taobao.org/glob/download/glob-5.0.15.tgz",
                  "dependencies": {
                    "inflight": {
                      "version": "https://registry.npm.taobao.org/inflight/download/inflight-1.0.4.tgz",
                      "dependencies": {
                        "wrappy": {
                          "version": "https://registry.npm.taobao.org/wrappy/download/wrappy-1.0.1.tgz"
                        }
                      }
                    },
                    "inherits": {
                      "version": "https://registry.npm.taobao.org/inherits/download/inherits-2.0.1.tgz"
                    },
                    "once": {
                      "version": "https://registry.npm.taobao.org/once/download/once-1.3.2.tgz",
                      "dependencies": {
                        "wrappy": {
                          "version": "https://registry.npm.taobao.org/wrappy/download/wrappy-1.0.1.tgz"
                        }
                      }
                    }
                  }
                },
                "graceful-fs": {
                  "version": "https://registry.npm.taobao.org/graceful-fs/download/graceful-fs-4.1.2.tgz"
                },
                "iconv-lite": {
                  "version": "https://registry.npm.taobao.org/iconv-lite/download/iconv-lite-0.4.13.tgz"
                },
                "mkdirp": {
                  "version": "https://registry.npm.taobao.org/mkdirp/download/mkdirp-0.5.1.tgz",
                  "dependencies": {
                    "minimist": {
                      "version": "https://registry.npm.taobao.org/minimist/download/minimist-0.0.8.tgz"
                    }
                  }
                },
                "q": {
                  "version": "1.4.1"
                }
              }
            },
            "defs": {
              "version": "1.1.1",
              "dependencies": {
                "alter": {
                  "version": "https://registry.npm.taobao.org/alter/download/alter-0.2.0.tgz",
                  "dependencies": {
                    "stable": {
                      "version": "https://registry.npm.taobao.org/stable/download/stable-0.1.5.tgz"
                    }
                  }
                },
                "ast-traverse": {
                  "version": "https://registry.npm.taobao.org/ast-traverse/download/ast-traverse-0.1.1.tgz"
                },
                "breakable": {
                  "version": "https://registry.npm.taobao.org/breakable/download/breakable-1.0.0.tgz"
                },
                "esprima-fb": {
                  "version": "https://registry.npm.taobao.org/esprima-fb/download/esprima-fb-15001.1001.0-dev-harmony-fb.tgz"
                },
                "simple-fmt": {
                  "version": "https://registry.npm.taobao.org/simple-fmt/download/simple-fmt-0.1.0.tgz"
                },
                "simple-is": {
                  "version": "https://registry.npm.taobao.org/simple-is/download/simple-is-0.2.0.tgz"
                },
                "stringmap": {
                  "version": "https://registry.npm.taobao.org/stringmap/download/stringmap-0.2.2.tgz"
                },
                "stringset": {
                  "version": "https://registry.npm.taobao.org/stringset/download/stringset-0.2.1.tgz"
                },
                "tryor": {
                  "version": "https://registry.npm.taobao.org/tryor/download/tryor-0.1.2.tgz"
                },
                "yargs": {
                  "version": "3.27.0",
                  "dependencies": {
                    "camelcase": {
                      "version": "https://registry.npm.taobao.org/camelcase/download/camelcase-1.2.1.tgz"
                    },
                    "cliui": {
                      "version": "https://registry.npm.taobao.org/cliui/download/cliui-2.1.0.tgz",
                      "dependencies": {
                        "center-align": {
                          "version": "0.1.2",
                          "dependencies": {
                            "align-text": {
                              "version": "https://registry.npm.taobao.org/align-text/download/align-text-0.1.3.tgz",
                              "dependencies": {
                                "kind-of": {
                                  "version": "https://registry.npm.taobao.org/kind-of/download/kind-of-2.0.1.tgz",
                                  "dependencies": {
                                    "is-buffer": {
                                      "version": "https://registry.npm.taobao.org/is-buffer/download/is-buffer-1.1.0.tgz"
                                    }
                                  }
                                },
                                "longest": {
                                  "version": "https://registry.npm.taobao.org/longest/download/longest-1.0.1.tgz"
                                },
                                "repeat-string": {
                                  "version": "https://registry.npm.taobao.org/repeat-string/download/repeat-string-1.5.2.tgz"
                                }
                              }
                            },
                            "lazy-cache": {
                              "version": "0.2.4"
                            }
                          }
                        },
                        "right-align": {
                          "version": "https://registry.npm.taobao.org/right-align/download/right-align-0.1.3.tgz",
                          "dependencies": {
                            "align-text": {
                              "version": "https://registry.npm.taobao.org/align-text/download/align-text-0.1.3.tgz",
                              "dependencies": {
                                "kind-of": {
                                  "version": "https://registry.npm.taobao.org/kind-of/download/kind-of-2.0.1.tgz",
                                  "dependencies": {
                                    "is-buffer": {
                                      "version": "https://registry.npm.taobao.org/is-buffer/download/is-buffer-1.1.0.tgz"
                                    }
                                  }
                                },
                                "longest": {
                                  "version": "https://registry.npm.taobao.org/longest/download/longest-1.0.1.tgz"
                                },
                                "repeat-string": {
                                  "version": "https://registry.npm.taobao.org/repeat-string/download/repeat-string-1.5.2.tgz"
                                }
                              }
                            }
                          }
                        },
                        "wordwrap": {
                          "version": "0.0.2"
                        }
                      }
                    },
                    "decamelize": {
                      "version": "1.1.1"
                    },
                    "os-locale": {
                      "version": "1.4.0",
                      "dependencies": {
                        "lcid": {
                          "version": "1.0.0",
                          "dependencies": {
                            "invert-kv": {
                              "version": "1.0.0"
                            }
                          }
                        }
                      }
                    },
                    "window-size": {
                      "version": "0.1.4"
                    },
                    "y18n": {
                      "version": "3.2.0"
                    }
                  }
                }
              }
            },
            "esprima-fb": {
              "version": "https://registry.npm.taobao.org/esprima-fb/download/esprima-fb-15001.1.0-dev-harmony-fb.tgz"
            },
            "recast": {
              "version": "0.10.24",
              "dependencies": {
                "ast-types": {
                  "version": "0.8.5"
                }
              }
            },
            "through": {
              "version": "https://registry.npm.taobao.org/through/download/through-2.3.8.tgz"
            }
          }
        },
        "regexpu": {
          "version": "https://registry.npm.taobao.org/regexpu/download/regexpu-1.3.0.tgz",
          "dependencies": {
            "esprima": {
              "version": "2.7.0"
            },
            "recast": {
              "version": "0.10.39",
              "dependencies": {
                "esprima-fb": {
                  "version": "https://registry.npm.taobao.org/esprima-fb/download/esprima-fb-15001.1001.0-dev-harmony-fb.tgz"
                },
                "source-map": {
                  "version": "0.5.3"
                },
                "ast-types": {
                  "version": "https://registry.npm.taobao.org/ast-types/download/ast-types-0.8.12.tgz"
                }
              }
            },
            "regenerate": {
              "version": "https://registry.npm.taobao.org/regenerate/download/regenerate-1.2.1.tgz"
            },
            "regjsgen": {
              "version": "https://registry.npm.taobao.org/regjsgen/download/regjsgen-0.2.0.tgz"
            },
            "regjsparser": {
              "version": "https://registry.npm.taobao.org/regjsparser/download/regjsparser-0.1.5.tgz",
              "dependencies": {
                "jsesc": {
                  "version": "https://registry.npm.taobao.org/jsesc/download/jsesc-0.5.0.tgz"
                }
              }
            }
          }
        },
        "repeating": {
          "version": "https://registry.npm.taobao.org/repeating/download/repeating-1.1.3.tgz",
          "dependencies": {
            "is-finite": {
              "version": "https://registry.npm.taobao.org/is-finite/download/is-finite-1.0.1.tgz",
              "dependencies": {
                "number-is-nan": {
                  "version": "https://registry.npm.taobao.org/number-is-nan/download/number-is-nan-1.0.0.tgz"
                }
              }
            }
          }
        },
        "resolve": {
          "version": "https://registry.npm.taobao.org/resolve/download/resolve-1.1.6.tgz"
        },
        "shebang-regex": {
          "version": "https://registry.npm.taobao.org/shebang-regex/download/shebang-regex-1.0.0.tgz"
        },
        "slash": {
          "version": "https://registry.npm.taobao.org/slash/download/slash-1.0.0.tgz"
        },
        "source-map": {
          "version": "https://registry.npm.taobao.org/source-map/download/source-map-0.4.4.tgz",
          "dependencies": {
            "amdefine": {
              "version": "https://registry.npm.taobao.org/amdefine/download/amdefine-1.0.0.tgz"
            }
          }
        },
        "source-map-support": {
          "version": "https://registry.npm.taobao.org/source-map-support/download/source-map-support-0.2.10.tgz",
          "dependencies": {
            "source-map": {
              "version": "0.1.32",
              "dependencies": {
                "amdefine": {
                  "version": "https://registry.npm.taobao.org/amdefine/download/amdefine-1.0.0.tgz"
                }
              }
            }
          }
        },
        "to-fast-properties": {
          "version": "https://registry.npm.taobao.org/to-fast-properties/download/to-fast-properties-1.0.1.tgz"
        },
        "trim-right": {
          "version": "https://registry.npm.taobao.org/trim-right/download/trim-right-1.0.1.tgz"
        },
        "try-resolve": {
          "version": "https://registry.npm.taobao.org/try-resolve/download/try-resolve-1.0.1.tgz"
        }
      }
    },
    "chalk": {
      "version": "1.1.1",
      "dependencies": {
        "ansi-styles": {
          "version": "https://registry.npm.taobao.org/ansi-styles/download/ansi-styles-2.1.0.tgz"
        },
        "escape-string-regexp": {
          "version": "https://registry.npm.taobao.org/escape-string-regexp/download/escape-string-regexp-1.0.3.tgz"
        },
        "has-ansi": {
          "version": "https://registry.npm.taobao.org/has-ansi/download/has-ansi-2.0.0.tgz",
          "dependencies": {
            "ansi-regex": {
              "version": "https://registry.npm.taobao.org/ansi-regex/download/ansi-regex-2.0.0.tgz"
            }
          }
        },
        "strip-ansi": {
          "version": "https://registry.npm.taobao.org/strip-ansi/download/strip-ansi-3.0.0.tgz",
          "dependencies": {
            "ansi-regex": {
              "version": "https://registry.npm.taobao.org/ansi-regex/download/ansi-regex-2.0.0.tgz"
            }
          }
        },
        "supports-color": {
          "version": "https://registry.npm.taobao.org/supports-color/download/supports-color-2.0.0.tgz"
        }
      }
    }
  }
}
